
Microsoft Visual Studio Solution File, Format Version 12.00
# Visual Studio Version 16
VisualStudioVersion = 16.0.30523.141
MinimumVisualStudioVersion = 10.0.40219.1
Project("{9A19103F-16F7-4668-BE54-9A1E7A4F7556}") = "WebApplication1", "WebApplication1.csproj", "{BAB30D87-0DC4-4E2E-A69D-BD6A1F9F458D}"
EndProject
Global
	GlobalSection(SolutionConfigurationPlatforms) = preSolution
		Debug|Any CPU = Debug|Any CPU
		Release|Any CPU = Release|Any CPU
	EndGlobalSection
	GlobalSection(ProjectConfigurationPlatforms) = postSolution
		{BAB30D87-0DC4-4E2E-A69D-BD6A1F9F458D}.Debug|Any CPU.ActiveCfg = Debug|Any CPU
		{BAB30D87-0DC4-4E2E-A69D-BD6A1F9F458D}.Debug|Any CPU.Build.0 = Debug|Any CPU
		{BAB30D87-0DC4-4E2E-A69D-BD6A1F9F458D}.Release|Any CPU.ActiveCfg = Release|Any CPU
		{BAB30D87-0DC4-4E2E-A69D-BD6A1F9F458D}.Release|Any CPU.Build.0 = Release|Any CPU
	EndGlobalSection
	GlobalSection(SolutionProperties) = preSolution
		HideSolutionNode = FALSE
	EndGlobalSection
	GlobalSection(ExtensibilityGlobals) = postSolution
		SolutionGuid = {EDCBA9F1-2BC4-4A84-85FF-BE54431678E5}
	EndGlobalSection
EndGlobal
